
Microsoft Visual Studio Solution File, Format Version 12.00
# Visual Studio Version 17
VisualStudioVersion = 17.2.32516.85
MinimumVisualStudioVersion = 10.0.40219.1
Project("{FAE04EC0-301F-11D3-BF4B-00C04F79EFBC}") = "WpfApp1", "WpfApp1\WpfApp1.csproj", "{68E4B709-FC3B-4DC4-AEBE-60F3B31F23D6}"
EndProject
Global
	GlobalSection(SolutionConfigurationPlatforms) = preSolution
		Debug|Any CPU = Debug|Any CPU
		Release|Any CPU = Release|Any CPU
	EndGlobalSection
	GlobalSection(ProjectConfigurationPlatforms) = postSolution
		{68E4B709-FC3B-4DC4-AEBE-60F3B31F23D6}.Debug|Any CPU.ActiveCfg = Debug|Any CPU
		{68E4B709-FC3B-4DC4-AEBE-60F3B31F23D6}.Debug|Any CPU.Build.0 = Debug|Any CPU
		{68E4B709-FC3B-4DC4-AEBE-60F3B31F23D6}.Release|Any CPU.ActiveCfg = Release|Any CPU
		{68E4B709-FC3B-4DC4-AEBE-60F3B31F23D6}.Release|Any CPU.Build.0 = Release|Any CPU
	EndGlobalSection
	GlobalSection(SolutionProperties) = preSolution
		HideSolutionNode = FALSE
	EndGlobalSection
	GlobalSection(ExtensibilityGlobals) = postSolution
		SolutionGuid = {EA6B8E4B-AA38-4BB6-AC78-B80BDA5F0164}
	EndGlobalSection
EndGlobal
